{
  "version": 4,
  "terraform_version": "1.0.7",
  "serial": 4,
  "lineage": "bda56d82-d38c-f79e-e2c6-c6288ea46240",
  "outputs": {},
  "resources": [
    {
      "mode": "managed",
      "type": "aws_ecr_repository",
      "name": "fake_data",
      "provider": "provider[\"registry.terraform.io/hashicorp/aws\"]",
      "instances": [
        {
          "schema_version": 0,
          "attributes": {
            "arn": "arn:aws:ecr:us-east-1:005071865344:repository/r0m4n.com/fake-data-api",
            "encryption_configuration": [
              {
                "encryption_type": "AES256",
                "kms_key": ""
              }
            ],
            "id": "r0m4n.com/fake-data-api",
            "image_scanning_configuration": [
              {
                "scan_on_push": false
              }
            ],
            "image_tag_mutability": "MUTABLE",
            "name": "r0m4n.com/fake-data-api",
            "registry_id": "005071865344",
            "repository_url": "005071865344.dkr.ecr.us-east-1.amazonaws.com/r0m4n.com/fake-data-api",
            "tags": null,
            "tags_all": {},
            "timeouts": null
          },
          "sensitive_attributes": [],
          "private": "eyJlMmJmYjczMC1lY2FhLTExZTYtOGY4OC0zNDM2M2JjN2M0YzAiOnsiZGVsZXRlIjoxMjAwMDAwMDAwMDAwfX0="
        }
      ]
    }
  ]
}
